
Microsoft Visual Studio Solution File, Format Version 12.00
# Visual Studio 2013
VisualStudioVersion = 12.0.31101.0
MinimumVisualStudioVersion = 10.0.40219.1
Project("{8BC9CEB8-8B4A-11D0-8D11-00A0C91BC942}") = "TaoismSystemInfo", "TaoismSystemInfo\TaoismSystemInfo.vcxproj", "{0AC04BCF-8DA0-4AC3-94B8-327B5F7F1AFB}"
	ProjectSection(ProjectDependencies) = postProject
		{707E2350-9A94-4F5E-A8DA-D788B610366D} = {707E2350-9A94-4F5E-A8DA-D788B610366D}
	EndProjectSection
EndProject
Project("{8BC9CEB8-8B4A-11D0-8D11-00A0C91BC942}") = "SystemInfo", "SystemInfo\SystemInfo.vcxproj", "{707E2350-9A94-4F5E-A8DA-D788B610366D}"
EndProject
Global
	GlobalSection(SolutionConfigurationPlatforms) = preSolution
		Debug|Win32 = Debug|Win32
		Debug|x64 = Debug|x64
		Release|Win32 = Release|Win32
		Release|x64 = Release|x64
	EndGlobalSection
	GlobalSection(ProjectConfigurationPlatforms) = postSolution
		{0AC04BCF-8DA0-4AC3-94B8-327B5F7F1AFB}.Debug|Win32.ActiveCfg = Debug|Win32
		{0AC04BCF-8DA0-4AC3-94B8-327B5F7F1AFB}.Debug|Win32.Build.0 = Debug|Win32
		{0AC04BCF-8DA0-4AC3-94B8-327B5F7F1AFB}.Debug|x64.ActiveCfg = Debug|x64
		{0AC04BCF-8DA0-4AC3-94B8-327B5F7F1AFB}.Debug|x64.Build.0 = Debug|x64
		{0AC04BCF-8DA0-4AC3-94B8-327B5F7F1AFB}.Release|Win32.ActiveCfg = Release|Win32
		{0AC04BCF-8DA0-4AC3-94B8-327B5F7F1AFB}.Release|Win32.Build.0 = Release|Win32
		{0AC04BCF-8DA0-4AC3-94B8-327B5F7F1AFB}.Release|x64.ActiveCfg = Release|x64
		{0AC04BCF-8DA0-4AC3-94B8-327B5F7F1AFB}.Release|x64.Build.0 = Release|x64
		{707E2350-9A94-4F5E-A8DA-D788B610366D}.Debug|Win32.ActiveCfg = Debug|Win32
		{707E2350-9A94-4F5E-A8DA-D788B610366D}.Debug|Win32.Build.0 = Debug|Win32
		{707E2350-9A94-4F5E-A8DA-D788B610366D}.Debug|x64.ActiveCfg = Debug|x64
		{707E2350-9A94-4F5E-A8DA-D788B610366D}.Debug|x64.Build.0 = Debug|x64
		{707E2350-9A94-4F5E-A8DA-D788B610366D}.Release|Win32.ActiveCfg = Release|Win32
		{707E2350-9A94-4F5E-A8DA-D788B610366D}.Release|Win32.Build.0 = Release|Win32
		{707E2350-9A94-4F5E-A8DA-D788B610366D}.Release|x64.ActiveCfg = Release|x64
		{707E2350-9A94-4F5E-A8DA-D788B610366D}.Release|x64.Build.0 = Release|x64
	EndGlobalSection
	GlobalSection(SolutionProperties) = preSolution
		HideSolutionNode = FALSE
	EndGlobalSection
EndGlobal
